
Microsoft Visual Studio Solution File, Format Version 12.00
# Visual Studio Version 16
VisualStudioVersion = 16.0.33214.272
MinimumVisualStudioVersion = 10.0.40219.1
Project("{FAE04EC0-301F-11D3-BF4B-00C04F79EFBC}") = "webapicrud", "webapicrud\webapicrud.csproj", "{4D074D44-B1CB-4FD9-B805-745B593A7DA5}"
EndProject
Project("{FAE04EC0-301F-11D3-BF4B-00C04F79EFBC}") = "MvcWebApi", "MvcWebApi\MvcWebApi.csproj", "{299D994F-5709-4801-A93D-F12EC4DDA222}"
EndProject
Global
	GlobalSection(SolutionConfigurationPlatforms) = preSolution
		Debug|Any CPU = Debug|Any CPU
		Release|Any CPU = Release|Any CPU
	EndGlobalSection
	GlobalSection(ProjectConfigurationPlatforms) = postSolution
		{4D074D44-B1CB-4FD9-B805-745B593A7DA5}.Debug|Any CPU.ActiveCfg = Debug|Any CPU
		{4D074D44-B1CB-4FD9-B805-745B593A7DA5}.Debug|Any CPU.Build.0 = Debug|Any CPU
		{4D074D44-B1CB-4FD9-B805-745B593A7DA5}.Release|Any CPU.ActiveCfg = Release|Any CPU
		{4D074D44-B1CB-4FD9-B805-745B593A7DA5}.Release|Any CPU.Build.0 = Release|Any CPU
		{299D994F-5709-4801-A93D-F12EC4DDA222}.Debug|Any CPU.ActiveCfg = Debug|Any CPU
		{299D994F-5709-4801-A93D-F12EC4DDA222}.Debug|Any CPU.Build.0 = Debug|Any CPU
		{299D994F-5709-4801-A93D-F12EC4DDA222}.Release|Any CPU.ActiveCfg = Release|Any CPU
		{299D994F-5709-4801-A93D-F12EC4DDA222}.Release|Any CPU.Build.0 = Release|Any CPU
	EndGlobalSection
	GlobalSection(SolutionProperties) = preSolution
		HideSolutionNode = FALSE
	EndGlobalSection
	GlobalSection(ExtensibilityGlobals) = postSolution
		SolutionGuid = {42263749-B5B4-43F8-A01B-DAC269F83970}
	EndGlobalSection
EndGlobal
